
Microsoft Visual Studio Solution File, Format Version 12.00
# Visual Studio Version 17
VisualStudioVersion = 17.6.33829.357
MinimumVisualStudioVersion = 10.0.40219.1
Project("{9A19103F-16F7-4668-BE54-9A1E7A4F7556}") = "OgrenciBilgiSistemi.Entity", "OgrenciBilgiSistemi.Entity\OgrenciBilgiSistemi.Entity.csproj", "{1E7DDAE7-8113-4C59-8F35-1AACD048CE0D}"
EndProject
Project("{9A19103F-16F7-4668-BE54-9A1E7A4F7556}") = "OgrenciBilgiSistemi.Dal", "OgrenciBilgiSistemi.Dal\OgrenciBilgiSistemi.Dal.csproj", "{5BB6F754-5F8A-49B0-A69A-245D99A217B4}"
EndProject
Project("{9A19103F-16F7-4668-BE54-9A1E7A4F7556}") = "OgrenciBilgiSistemi.Business", "OgrenciBilgiSistemi.Business\OgrenciBilgiSistemi.Business.csproj", "{4E2D8183-1BF3-4F0F-99B5-FF1C45E27800}"
EndProject
Project("{9A19103F-16F7-4668-BE54-9A1E7A4F7556}") = "OgrenciBilgiSistemi.Core", "OgrenciBilgiSistemi.Core\OgrenciBilgiSistemi.Core.csproj", "{7543F54E-C560-43F7-8246-EF8D8602E665}"
EndProject
Project("{FAE04EC0-301F-11D3-BF4B-00C04F79EFBC}") = "OgrenciBilgiSistemi.Api", "OgrenciBilgiSistemi.Api\OgrenciBilgiSistemi.Api.csproj", "{883FA6EF-2B0B-4243-B15B-B3B38EFE61C2}"
EndProject
Global
	GlobalSection(SolutionConfigurationPlatforms) = preSolution
		Debug|Any CPU = Debug|Any CPU
		Release|Any CPU = Release|Any CPU
	EndGlobalSection
	GlobalSection(ProjectConfigurationPlatforms) = postSolution
		{1E7DDAE7-8113-4C59-8F35-1AACD048CE0D}.Debug|Any CPU.ActiveCfg = Debug|Any CPU
		{1E7DDAE7-8113-4C59-8F35-1AACD048CE0D}.Debug|Any CPU.Build.0 = Debug|Any CPU
		{1E7DDAE7-8113-4C59-8F35-1AACD048CE0D}.Release|Any CPU.ActiveCfg = Release|Any CPU
		{1E7DDAE7-8113-4C59-8F35-1AACD048CE0D}.Release|Any CPU.Build.0 = Release|Any CPU
		{5BB6F754-5F8A-49B0-A69A-245D99A217B4}.Debug|Any CPU.ActiveCfg = Debug|Any CPU
		{5BB6F754-5F8A-49B0-A69A-245D99A217B4}.Debug|Any CPU.Build.0 = Debug|Any CPU
		{5BB6F754-5F8A-49B0-A69A-245D99A217B4}.Release|Any CPU.ActiveCfg = Release|Any CPU
		{5BB6F754-5F8A-49B0-A69A-245D99A217B4}.Release|Any CPU.Build.0 = Release|Any CPU
		{4E2D8183-1BF3-4F0F-99B5-FF1C45E27800}.Debug|Any CPU.ActiveCfg = Debug|Any CPU
		{4E2D8183-1BF3-4F0F-99B5-FF1C45E27800}.Debug|Any CPU.Build.0 = Debug|Any CPU
		{4E2D8183-1BF3-4F0F-99B5-FF1C45E27800}.Release|Any CPU.ActiveCfg = Release|Any CPU
		{4E2D8183-1BF3-4F0F-99B5-FF1C45E27800}.Release|Any CPU.Build.0 = Release|Any CPU
		{7543F54E-C560-43F7-8246-EF8D8602E665}.Debug|Any CPU.ActiveCfg = Debug|Any CPU
		{7543F54E-C560-43F7-8246-EF8D8602E665}.Debug|Any CPU.Build.0 = Debug|Any CPU
		{7543F54E-C560-43F7-8246-EF8D8602E665}.Release|Any CPU.ActiveCfg = Release|Any CPU
		{7543F54E-C560-43F7-8246-EF8D8602E665}.Release|Any CPU.Build.0 = Release|Any CPU
		{883FA6EF-2B0B-4243-B15B-B3B38EFE61C2}.Debug|Any CPU.ActiveCfg = Debug|Any CPU
		{883FA6EF-2B0B-4243-B15B-B3B38EFE61C2}.Debug|Any CPU.Build.0 = Debug|Any CPU
		{883FA6EF-2B0B-4243-B15B-B3B38EFE61C2}.Release|Any CPU.ActiveCfg = Release|Any CPU
		{883FA6EF-2B0B-4243-B15B-B3B38EFE61C2}.Release|Any CPU.Build.0 = Release|Any CPU
	EndGlobalSection
	GlobalSection(SolutionProperties) = preSolution
		HideSolutionNode = FALSE
	EndGlobalSection
	GlobalSection(ExtensibilityGlobals) = postSolution
		SolutionGuid = {4A287C5D-5DF6-441D-AD7C-E557A9391B91}
	EndGlobalSection
EndGlobal
